
Microsoft Visual Studio Solution File, Format Version 12.00
# Visual Studio Version 16
VisualStudioVersion = 16.0.30309.148
MinimumVisualStudioVersion = 10.0.40219.1
Project("{FAE04EC0-301F-11D3-BF4B-00C04F79EFBC}") = "Presentacion", "Presentacion\Presentacion.csproj", "{6F50A4AE-FBCC-49BE-9B7E-0900C2533B4E}"
EndProject
Project("{FAE04EC0-301F-11D3-BF4B-00C04F79EFBC}") = "Datos", "Datos\Datos.csproj", "{22C42B2C-8492-4CF1-82D2-67CC18139550}"
EndProject
Project("{FAE04EC0-301F-11D3-BF4B-00C04F79EFBC}") = "Logica", "Logica\Logica.csproj", "{7B3479F3-50DB-4859-9496-D9C0330B6BBE}"
EndProject
Global
	GlobalSection(SolutionConfigurationPlatforms) = preSolution
		Debug|Any CPU = Debug|Any CPU
		Release|Any CPU = Release|Any CPU
	EndGlobalSection
	GlobalSection(ProjectConfigurationPlatforms) = postSolution
		{6F50A4AE-FBCC-49BE-9B7E-0900C2533B4E}.Debug|Any CPU.ActiveCfg = Debug|Any CPU
		{6F50A4AE-FBCC-49BE-9B7E-0900C2533B4E}.Debug|Any CPU.Build.0 = Debug|Any CPU
		{6F50A4AE-FBCC-49BE-9B7E-0900C2533B4E}.Release|Any CPU.ActiveCfg = Release|Any CPU
		{6F50A4AE-FBCC-49BE-9B7E-0900C2533B4E}.Release|Any CPU.Build.0 = Release|Any CPU
		{22C42B2C-8492-4CF1-82D2-67CC18139550}.Debug|Any CPU.ActiveCfg = Debug|Any CPU
		{22C42B2C-8492-4CF1-82D2-67CC18139550}.Debug|Any CPU.Build.0 = Debug|Any CPU
		{22C42B2C-8492-4CF1-82D2-67CC18139550}.Release|Any CPU.ActiveCfg = Release|Any CPU
		{22C42B2C-8492-4CF1-82D2-67CC18139550}.Release|Any CPU.Build.0 = Release|Any CPU
		{7B3479F3-50DB-4859-9496-D9C0330B6BBE}.Debug|Any CPU.ActiveCfg = Debug|Any CPU
		{7B3479F3-50DB-4859-9496-D9C0330B6BBE}.Debug|Any CPU.Build.0 = Debug|Any CPU
		{7B3479F3-50DB-4859-9496-D9C0330B6BBE}.Release|Any CPU.ActiveCfg = Release|Any CPU
		{7B3479F3-50DB-4859-9496-D9C0330B6BBE}.Release|Any CPU.Build.0 = Release|Any CPU
	EndGlobalSection
	GlobalSection(SolutionProperties) = preSolution
		HideSolutionNode = FALSE
	EndGlobalSection
	GlobalSection(ExtensibilityGlobals) = postSolution
		SolutionGuid = {237E79E4-458B-4FCE-93FA-68239C911760}
	EndGlobalSection
EndGlobal
